
Microsoft Visual Studio Solution File, Format Version 12.00
# Visual Studio Version 16
VisualStudioVersion = 16.0.29709.97
MinimumVisualStudioVersion = 10.0.40219.1
Project("{FAE04EC0-301F-11D3-BF4B-00C04F79EFBC}") = "1", "1\1.csproj", "{32CF02DD-7258-4124-8845-D70801785477}"
EndProject
Global
	GlobalSection(SolutionConfigurationPlatforms) = preSolution
		Debug|Any CPU = Debug|Any CPU
		Release|Any CPU = Release|Any CPU
	EndGlobalSection
	GlobalSection(ProjectConfigurationPlatforms) = postSolution
		{32CF02DD-7258-4124-8845-D70801785477}.Debug|Any CPU.ActiveCfg = Debug|Any CPU
		{32CF02DD-7258-4124-8845-D70801785477}.Debug|Any CPU.Build.0 = Debug|Any CPU
		{32CF02DD-7258-4124-8845-D70801785477}.Release|Any CPU.ActiveCfg = Release|Any CPU
		{32CF02DD-7258-4124-8845-D70801785477}.Release|Any CPU.Build.0 = Release|Any CPU
	EndGlobalSection
	GlobalSection(SolutionProperties) = preSolution
		HideSolutionNode = FALSE
	EndGlobalSection
	GlobalSection(ExtensibilityGlobals) = postSolution
		SolutionGuid = {63E8A395-914D-4A0E-9F72-E65B821AE1BC}
	EndGlobalSection
EndGlobal
